
Microsoft Visual Studio Solution File, Format Version 12.00
# Visual Studio Version 17
VisualStudioVersion = 17.13.35818.85 d17.13
MinimumVisualStudioVersion = 10.0.40219.1
Project("{FAE04EC0-301F-11D3-BF4B-00C04F79EFBC}") = "CSharpTimer", "CSharpTimer.csproj", "{ADC318D3-CDC7-40B4-90FD-669A0D099771}"
EndProject
Global
	GlobalSection(SolutionConfigurationPlatforms) = preSolution
		Debug|Any CPU = Debug|Any CPU
		Release|Any CPU = Release|Any CPU
	EndGlobalSection
	GlobalSection(ProjectConfigurationPlatforms) = postSolution
		{ADC318D3-CDC7-40B4-90FD-669A0D099771}.Debug|Any CPU.ActiveCfg = Debug|Any CPU
		{ADC318D3-CDC7-40B4-90FD-669A0D099771}.Debug|Any CPU.Build.0 = Debug|Any CPU
		{ADC318D3-CDC7-40B4-90FD-669A0D099771}.Release|Any CPU.ActiveCfg = Release|Any CPU
		{ADC318D3-CDC7-40B4-90FD-669A0D099771}.Release|Any CPU.Build.0 = Release|Any CPU
	EndGlobalSection
	GlobalSection(SolutionProperties) = preSolution
		HideSolutionNode = FALSE
	EndGlobalSection
	GlobalSection(ExtensibilityGlobals) = postSolution
		SolutionGuid = {1C1CA1B2-DC5E-4193-A02F-044F7939356E}
	EndGlobalSection
EndGlobal
